// !$*UTF8*$!
{
	archiveVersion = 1;
	classes = {
	};
	objectVersion = 55;
	objects = {

/* Begin PBXBuildFile section */
		1A39BAD027E698BA00060ABE /* HKSFXApp.swift in Sources */ = {isa = PBXBuildFile; fileRef = 1A39BACF27E698BA00060ABE /* HKSFXApp.swift */; };
		1A39BAD227E698BA00060ABE /* ContentView.swift in Sources */ = {isa = PBXBuildFile; fileRef = 1A39BAD127E698BA00060ABE /* ContentView.swift */; };
		1A39BAD427E698BC00060ABE /* Assets.xcassets in Resources */ = {isa = PBXBuildFile; fileRef = 1A39BAD327E698BC00060ABE /* Assets.xcassets */; };
		1A39BAD727E698BC00060ABE /* Preview Assets.xcassets in Resources */ = {isa = PBXBuildFile; fileRef = 1A39BAD627E698BC00060ABE /* Preview Assets.xcassets */; };
		1A39BAE127E698BC00060ABE /* HKSFXTests.swift in Sources */ = {isa = PBXBuildFile; fileRef = 1A39BAE027E698BC00060ABE /* HKSFXTests.swift */; };
		1A39BAEB27E698BC00060ABE /* HKSFXUITests.swift in Sources */ = {isa = PBXBuildFile; fileRef = 1A39BAEA27E698BC00060ABE /* HKSFXUITests.swift */; };
		1A39BAED27E698BC00060ABE /* HKSFXUITestsLaunchTests.swift in Sources */ = {isa = PBXBuildFile; fileRef = 1A39BAEC27E698BC00060ABE /* HKSFXUITestsLaunchTests.swift */; };
		1A39BAFC27E6998900060ABE /* HealthKit.framework in Frameworks */ = {isa = PBXBuildFile; fileRef = 1A39BAFB27E6998900060ABE /* HealthKit.framework */; };
		1A39BB0027E69C1D00060ABE /* SfxClient.swift in Sources */ = {isa = PBXBuildFile; fileRef = 1A39BAFF27E69C1C00060ABE /* SfxClient.swift */; };
		1A39BB0327E69C7200060ABE /* Alamofire in Frameworks */ = {isa = PBXBuildFile; productRef = 1A39BB0227E69C7200060ABE /* Alamofire */; };
		1A39BB0627E6A1A500060ABE /* KeychainSwift in Frameworks */ = {isa = PBXBuildFile; productRef = 1A39BB0527E6A1A500060ABE /* KeychainSwift */; };
		1A39BB0827F0B15100060ABE /* HKPoller.swift in Sources */ = {isa = PBXBuildFile; fileRef = 1A39BB0727F0B15100060ABE /* HKPoller.swift */; };
		1A910D582800031E00D2E241 /* dashboard_HealthKit Data.json in Resources */ = {isa = PBXBuildFile; fileRef = 1A910D572800031E00D2E241 /* dashboard_HealthKit Data.json */; };
/* End PBXBuildFile section */

/* Begin PBXContainerItemProxy section */
		1A39BADD27E698BC00060ABE /* PBXContainerItemProxy */ = {
			isa = PBXContainerItemProxy;
			containerPortal = 1A39BAC427E698B900060ABE /* Project object */;
			proxyType = 1;
			remoteGlobalIDString = 1A39BACB27E698B900060ABE;
			remoteInfo = HKSFX;
		};
		1A39BAE727E698BC00060ABE /* PBXContainerItemProxy */ = {
			isa = PBXContainerItemProxy;
			containerPortal = 1A39BAC427E698B900060ABE /* Project object */;
			proxyType = 1;
			remoteGlobalIDString = 1A39BACB27E698B900060ABE;
			remoteInfo = HKSFX;
		};
/* End PBXContainerItemProxy section */

/* Begin PBXFileReference section */
		1A39BACC27E698BA00060ABE /* HKSFX.app */ = {isa = PBXFileReference; explicitFileType = wrapper.application; includeInIndex = 0; path = HKSFX.app; sourceTree = BUILT_PRODUCTS_DIR; };
		1A39BACF27E698BA00060ABE /* HKSFXApp.swift */ = {isa = PBXFileReference; lastKnownFileType = sourcecode.swift; path = HKSFXApp.swift; sourceTree = "<group>"; };
		1A39BAD127E698BA00060ABE /* ContentView.swift */ = {isa = PBXFileReference; lastKnownFileType = sourcecode.swift; path = ContentView.swift; sourceTree = "<group>"; };
		1A39BAD327E698BC00060ABE /* Assets.xcassets */ = {isa = PBXFileReference; lastKnownFileType = folder.assetcatalog; path = Assets.xcassets; sourceTree = "<group>"; };
		1A39BAD627E698BC00060ABE /* Preview Assets.xcassets */ = {isa = PBXFileReference; lastKnownFileType = folder.assetcatalog; path = "Preview Assets.xcassets"; sourceTree = "<group>"; };
		1A39BADC27E698BC00060ABE /* HKSFXTests.xctest */ = {isa = PBXFileReference; explicitFileType = wrapper.cfbundle; includeInIndex = 0; path = HKSFXTests.xctest; sourceTree = BUILT_PRODUCTS_DIR; };
		1A39BAE027E698BC00060ABE /* HKSFXTests.swift */ = {isa = PBXFileReference; lastKnownFileType = sourcecode.swift; path = HKSFXTests.swift; sourceTree = "<group>"; };
		1A39BAE627E698BC00060ABE /* HKSFXUITests.xctest */ = {isa = PBXFileReference; explicitFileType = wrapper.cfbundle; includeInIndex = 0; path = HKSFXUITests.xctest; sourceTree = BUILT_PRODUCTS_DIR; };
		1A39BAEA27E698BC00060ABE /* HKSFXUITests.swift */ = {isa = PBXFileReference; lastKnownFileType = sourcecode.swift; path = HKSFXUITests.swift; sourceTree = "<group>"; };
		1A39BAEC27E698BC00060ABE /* HKSFXUITestsLaunchTests.swift */ = {isa = PBXFileReference; lastKnownFileType = sourcecode.swift; path = HKSFXUITestsLaunchTests.swift; sourceTree = "<group>"; };
		1A39BAF927E6998900060ABE /* HKSFX.entitlements */ = {isa = PBXFileReference; lastKnownFileType = text.plist.entitlements; path = HKSFX.entitlements; sourceTree = "<group>"; };
		1A39BAFB27E6998900060ABE /* HealthKit.framework */ = {isa = PBXFileReference; lastKnownFileType = wrapper.framework; name = HealthKit.framework; path = System/Library/Frameworks/HealthKit.framework; sourceTree = SDKROOT; };
		1A39BAFD27E6999D00060ABE /* Info.plist */ = {isa = PBXFileReference; lastKnownFileType = text.plist; path = Info.plist; sourceTree = "<group>"; };
		1A39BAFF27E69C1C00060ABE /* SfxClient.swift */ = {isa = PBXFileReference; lastKnownFileType = sourcecode.swift; path = SfxClient.swift; sourceTree = "<group>"; };
		1A39BB0727F0B15100060ABE /* HKPoller.swift */ = {isa = PBXFileReference; lastKnownFileType = sourcecode.swift; path = HKPoller.swift; sourceTree = "<group>"; };
		1A910D572800031E00D2E241 /* dashboard_HealthKit Data.json */ = {isa = PBXFileReference; fileEncoding = 4; lastKnownFileType = text.json; path = "dashboard_HealthKit Data.json"; sourceTree = "<group>"; };
/* End PBXFileReference section */

/* Begin PBXFrameworksBuildPhase section */
		1A39BAC927E698B900060ABE /* Frameworks */ = {
			isa = PBXFrameworksBuildPhase;
			buildActionMask = 2147483647;
			files = (
				1A39BB0627E6A1A500060ABE /* KeychainSwift in Frameworks */,
				1A39BAFC27E6998900060ABE /* HealthKit.framework in Frameworks */,
				1A39BB0327E69C7200060ABE /* Alamofire in Frameworks */,
			);
			runOnlyForDeploymentPostprocessing = 0;
		};
		1A39BAD927E698BC00060ABE /* Frameworks */ = {
			isa = PBXFrameworksBuildPhase;
			buildActionMask = 2147483647;
			files = (
			);
			runOnlyForDeploymentPostprocessing = 0;
		};
		1A39BAE327E698BC00060ABE /* Frameworks */ = {
			isa = PBXFrameworksBuildPhase;
			buildActionMask = 2147483647;
			files = (
			);
			runOnlyForDeploymentPostprocessing = 0;
		};
/* End PBXFrameworksBuildPhase section */

/* Begin PBXGroup section */
		1A39BAC327E698B900060ABE = {
			isa = PBXGroup;
			children = (
				1A910D572800031E00D2E241 /* dashboard_HealthKit Data.json */,
				1A39BACE27E698BA00060ABE /* HKSFX */,
				1A39BADF27E698BC00060ABE /* HKSFXTests */,
				1A39BAE927E698BC00060ABE /* HKSFXUITests */,
				1A39BACD27E698BA00060ABE /* Products */,
				1A39BAFA27E6998900060ABE /* Frameworks */,
			);
			sourceTree = "<group>";
		};
		1A39BACD27E698BA00060ABE /* Products */ = {
			isa = PBXGroup;
			children = (
				1A39BACC27E698BA00060ABE /* HKSFX.app */,
				1A39BADC27E698BC00060ABE /* HKSFXTests.xctest */,
				1A39BAE627E698BC00060ABE /* HKSFXUITests.xctest */,
			);
			name = Products;
			sourceTree = "<group>";
		};
		1A39BACE27E698BA00060ABE /* HKSFX */ = {
			isa = PBXGroup;
			children = (
				1A39BAFD27E6999D00060ABE /* Info.plist */,
				1A39BAF927E6998900060ABE /* HKSFX.entitlements */,
				1A39BACF27E698BA00060ABE /* HKSFXApp.swift */,
				1A39BAD127E698BA00060ABE /* ContentView.swift */,
				1A39BAD327E698BC00060ABE /* Assets.xcassets */,
				1A39BAD527E698BC00060ABE /* Preview Content */,
				1A39BAFF27E69C1C00060ABE /* SfxClient.swift */,
				1A39BB0727F0B15100060ABE /* HKPoller.swift */,
			);
			path = HKSFX;
			sourceTree = "<group>";
		};
		1A39BAD527E698BC00060ABE /* Preview Content */ = {
			isa = PBXGroup;
			children = (
				1A39BAD627E698BC00060ABE /* Preview Assets.xcassets */,
			);
			path = "Preview Content";
			sourceTree = "<group>";
		};
		1A39BADF27E698BC00060ABE /* HKSFXTests */ = {
			isa = PBXGroup;
			children = (
				1A39BAE027E698BC00060ABE /* HKSFXTests.swift */,
			);
			path = HKSFXTests;
			sourceTree = "<group>";
		};
		1A39BAE927E698BC00060ABE /* HKSFXUITests */ = {
			isa = PBXGroup;
			children = (
				1A39BAEA27E698BC00060ABE /* HKSFXUITests.swift */,
				1A39BAEC27E698BC00060ABE /* HKSFXUITestsLaunchTests.swift */,
			);
			path = HKSFXUITests;
			sourceTree = "<group>";
		};
		1A39BAFA27E6998900060ABE /* Frameworks */ = {
			isa = PBXGroup;
			children = (
				1A39BAFB27E6998900060ABE /* HealthKit.framework */,
			);
			name = Frameworks;
			sourceTree = "<group>";
		};
/* End PBXGroup section */

/* Begin PBXNativeTarget section */
		1A39BACB27E698B900060ABE /* HKSFX */ = {
			isa = PBXNativeTarget;
			buildConfigurationList = 1A39BAF027E698BC00060ABE /* Build configuration list for PBXNativeTarget "HKSFX" */;
			buildPhases = (
				1A39BAC827E698B900060ABE /* Sources */,
				1A39BAC927E698B900060ABE /* Frameworks */,
				1A39BACA27E698B900060ABE /* Resources */,
			);
			buildRules = (
			);
			dependencies = (
			);
			name = HKSFX;
			packageProductDependencies = (
				1A39BB0227E69C7200060ABE /* Alamofire */,
				1A39BB0527E6A1A500060ABE /* KeychainSwift */,
			);
			productName = HKSFX;
			productReference = 1A39BACC27E698BA00060ABE /* HKSFX.app */;
			productType = "com.apple.product-type.application";
		};
		1A39BADB27E698BC00060ABE /* HKSFXTests */ = {
			isa = PBXNativeTarget;
			buildConfigurationList = 1A39BAF327E698BC00060ABE /* Build configuration list for PBXNativeTarget "HKSFXTests" */;
			buildPhases = (
				1A39BAD827E698BC00060ABE /* Sources */,
				1A39BAD927E698BC00060ABE /* Frameworks */,
				1A39BADA27E698BC00060ABE /* Resources */,
			);
			buildRules = (
			);
			dependencies = (
				1A39BADE27E698BC00060ABE /* PBXTargetDependency */,
			);
			name = HKSFXTests;
			productName = HKSFXTests;
			productReference = 1A39BADC27E698BC00060ABE /* HKSFXTests.xctest */;
			productType = "com.apple.product-type.bundle.unit-test";
		};
		1A39BAE527E698BC00060ABE /* HKSFXUITests */ = {
			isa = PBXNativeTarget;
			buildConfigurationList = 1A39BAF627E698BC00060ABE /* Build configuration list for PBXNativeTarget "HKSFXUITests" */;
			buildPhases = (
				1A39BAE227E698BC00060ABE /* Sources */,
				1A39BAE327E698BC00060ABE /* Frameworks */,
				1A39BAE427E698BC00060ABE /* Resources */,
			);
			buildRules = (
			);
			dependencies = (
				1A39BAE827E698BC00060ABE /* PBXTargetDependency */,
			);
			name = HKSFXUITests;
			productName = HKSFXUITests;
			productReference = 1A39BAE627E698BC00060ABE /* HKSFXUITests.xctest */;
			productType = "com.apple.product-type.bundle.ui-testing";
		};
/* End PBXNativeTarget section */

/* Begin PBXProject section */
		1A39BAC427E698B900060ABE /* Project object */ = {
			isa = PBXProject;
			attributes = {
				BuildIndependentTargetsInParallel = 1;
				LastSwiftUpdateCheck = 1330;
				LastUpgradeCheck = 1330;
				TargetAttributes = {
					1A39BACB27E698B900060ABE = {
						CreatedOnToolsVersion = 13.3;
					};
					1A39BADB27E698BC00060ABE = {
						CreatedOnToolsVersion = 13.3;
						TestTargetID = 1A39BACB27E698B900060ABE;
					};
					1A39BAE527E698BC00060ABE = {
						CreatedOnToolsVersion = 13.3;
						TestTargetID = 1A39BACB27E698B900060ABE;
					};
				};
			};
			buildConfigurationList = 1A39BAC727E698B900060ABE /* Build configuration list for PBXProject "HKSFX" */;
			compatibilityVersion = "Xcode 13.0";
			developmentRegion = en;
			hasScannedForEncodings = 0;
			knownRegions = (
				en,
				Base,
			);
			mainGroup = 1A39BAC327E698B900060ABE;
			packageReferences = (
				1A39BB0127E69C7200060ABE /* XCRemoteSwiftPackageReference "Alamofire" */,
				1A39BB0427E6A1A500060ABE /* XCRemoteSwiftPackageReference "keychain-swift" */,
			);
			productRefGroup = 1A39BACD27E698BA00060ABE /* Products */;
			projectDirPath = "";
			projectRoot = "";
			targets = (
				1A39BACB27E698B900060ABE /* HKSFX */,
				1A39BADB27E698BC00060ABE /* HKSFXTests */,
				1A39BAE527E698BC00060ABE /* HKSFXUITests */,
			);
		};
/* End PBXProject section */

/* Begin PBXResourcesBuildPhase section */
		1A39BACA27E698B900060ABE /* Resources */ = {
			isa = PBXResourcesBuildPhase;
			buildActionMask = 2147483647;
			files = (
				1A39BAD727E698BC00060ABE /* Preview Assets.xcassets in Resources */,
				1A39BAD427E698BC00060ABE /* Assets.xcassets in Resources */,
				1A910D582800031E00D2E241 /* dashboard_HealthKit Data.json in Resources */,
			);
			runOnlyForDeploymentPostprocessing = 0;
		};
		1A39BADA27E698BC00060ABE /* Resources */ = {
			isa = PBXResourcesBuildPhase;
			buildActionMask = 2147483647;
			files = (
			);
			runOnlyForDeploymentPostprocessing = 0;
		};
		1A39BAE427E698BC00060ABE /* Resources */ = {
			isa = PBXResourcesBuildPhase;
			buildActionMask = 2147483647;
			files = (
			);
			runOnlyForDeploymentPostprocessing = 0;
		};
/* End PBXResourcesBuildPhase section */

/* Begin PBXSourcesBuildPhase section */
		1A39BAC827E698B900060ABE /* Sources */ = {
			isa = PBXSourcesBuildPhase;
			buildActionMask = 2147483647;
			files = (
				1A39BB0027E69C1D00060ABE /* SfxClient.swift in Sources */,
				1A39BAD227E698BA00060ABE /* ContentView.swift in Sources */,
				1A39BB0827F0B15100060ABE /* HKPoller.swift in Sources */,
				1A39BAD027E698BA00060ABE /* HKSFXApp.swift in Sources */,
			);
			runOnlyForDeploymentPostprocessing = 0;
		};
		1A39BAD827E698BC00060ABE /* Sources */ = {
			isa = PBXSourcesBuildPhase;
			buildActionMask = 2147483647;
			files = (
				1A39BAE127E698BC00060ABE /* HKSFXTests.swift in Sources */,
			);
			runOnlyForDeploymentPostprocessing = 0;
		};
		1A39BAE227E698BC00060ABE /* Sources */ = {
			isa = PBXSourcesBuildPhase;
			buildActionMask = 2147483647;
			files = (
				1A39BAEB27E698BC00060ABE /* HKSFXUITests.swift in Sources */,
				1A39BAED27E698BC00060ABE /* HKSFXUITestsLaunchTests.swift in Sources */,
			);
			runOnlyForDeploymentPostprocessing = 0;
		};
/* End PBXSourcesBuildPhase section */

/* Begin PBXTargetDependency section */
		1A39BADE27E698BC00060ABE /* PBXTargetDependency */ = {
			isa = PBXTargetDependency;
			target = 1A39BACB27E698B900060ABE /* HKSFX */;
			targetProxy = 1A39BADD27E698BC00060ABE /* PBXContainerItemProxy */;
		};
		1A39BAE827E698BC00060ABE /* PBXTargetDependency */ = {
			isa = PBXTargetDependency;
			target = 1A39BACB27E698B900060ABE /* HKSFX */;
			targetProxy = 1A39BAE727E698BC00060ABE /* PBXContainerItemProxy */;
		};
/* End PBXTargetDependency section */

/* Begin XCBuildConfiguration section */
		1A39BAEE27E698BC00060ABE /* Debug */ = {
			isa = XCBuildConfiguration;
			buildSettings = {
				ALWAYS_SEARCH_USER_PATHS = NO;
				CLANG_ANALYZER_NONNULL = YES;
				CLANG_ANALYZER_NUMBER_OBJECT_CONVERSION = YES_AGGRESSIVE;
				CLANG_CXX_LANGUAGE_STANDARD = "gnu++17";
				CLANG_ENABLE_MODULES = YES;
				CLANG_ENABLE_OBJC_ARC = YES;
				CLANG_ENABLE_OBJC_WEAK = YES;
				CLANG_WARN_BLOCK_CAPTURE_AUTORELEASING = YES;
				CLANG_WARN_BOOL_CONVERSION = YES;
				CLANG_WARN_COMMA = YES;
				CLANG_WARN_CONSTANT_CONVERSION = YES;
				CLANG_WARN_DEPRECATED_OBJC_IMPLEMENTATIONS = YES;
				CLANG_WARN_DIRECT_OBJC_ISA_USAGE = YES_ERROR;
				CLANG_WARN_DOCUMENTATION_COMMENTS = YES;
				CLANG_WARN_EMPTY_BODY = YES;
				CLANG_WARN_ENUM_CONVERSION = YES;
				CLANG_WARN_INFINITE_RECURSION = YES;
				CLANG_WARN_INT_CONVERSION = YES;
				CLANG_WARN_NON_LITERAL_NULL_CONVERSION = YES;
				CLANG_WARN_OBJC_IMPLICIT_RETAIN_SELF = YES;
				CLANG_WARN_OBJC_LITERAL_CONVERSION = YES;
				CLANG_WARN_OBJC_ROOT_CLASS = YES_ERROR;
				CLANG_WARN_QUOTED_INCLUDE_IN_FRAMEWORK_HEADER = YES;
				CLANG_WARN_RANGE_LOOP_ANALYSIS = YES;
				CLANG_WARN_STRICT_PROTOTYPES = YES;
				CLANG_WARN_SUSPICIOUS_MOVE = YES;
				CLANG_WARN_UNGUARDED_AVAILABILITY = YES_AGGRESSIVE;
				CLANG_WARN_UNREACHABLE_CODE = YES;
				CLANG_WARN__DUPLICATE_METHOD_MATCH = YES;
				COPY_PHASE_STRIP = NO;
				DEBUG_INFORMATION_FORMAT = dwarf;
				ENABLE_STRICT_OBJC_MSGSEND = YES;
				ENABLE_TESTABILITY = YES;
				GCC_C_LANGUAGE_STANDARD = gnu11;
				GCC_DYNAMIC_NO_PIC = NO;
				GCC_NO_COMMON_BLOCKS = YES;
				GCC_OPTIMIZATION_LEVEL = 0;
				GCC_PREPROCESSOR_DEFINITIONS = (
					"DEBUG=1",
					"$(inherited)",
				);
				GCC_WARN_64_TO_32_BIT_CONVERSION = YES;
				GCC_WARN_ABOUT_RETURN_TYPE = YES_ERROR;
				GCC_WARN_UNDECLARED_SELECTOR = YES;
				GCC_WARN_UNINITIALIZED_AUTOS = YES_AGGRESSIVE;
				GCC_WARN_UNUSED_FUNCTION = YES;
				GCC_WARN_UNUSED_VARIABLE = YES;
				IPHONEOS_DEPLOYMENT_TARGET = 15.0;
				MTL_ENABLE_DEBUG_INFO = INCLUDE_SOURCE;
				MTL_FAST_MATH = YES;
				ONLY_ACTIVE_ARCH = YES;
				SDKROOT = iphoneos;
				SWIFT_ACTIVE_COMPILATION_CONDITIONS = DEBUG;
				SWIFT_OPTIMIZATION_LEVEL = "-Onone";
			};
			name = Debug;
		};
		1A39BAEF27E698BC00060ABE /* Release */ = {
			isa = XCBuildConfiguration;
			buildSettings = {
				ALWAYS_SEARCH_USER_PATHS = NO;
				CLANG_ANALYZER_NONNULL = YES;
				CLANG_ANALYZER_NUMBER_OBJECT_CONVERSION = YES_AGGRESSIVE;
				CLANG_CXX_LANGUAGE_STANDARD = "gnu++17";
				CLANG_ENABLE_MODULES = YES;
				CLANG_ENABLE_OBJC_ARC = YES;
				CLANG_ENABLE_OBJC_WEAK = YES;
				CLANG_WARN_BLOCK_CAPTURE_AUTORELEASING = YES;
				CLANG_WARN_BOOL_CONVERSION = YES;
				CLANG_WARN_COMMA = YES;
				CLANG_WARN_CONSTANT_CONVERSION = YES;
				CLANG_WARN_DEPRECATED_OBJC_IMPLEMENTATIONS = YES;
				CLANG_WARN_DIRECT_OBJC_ISA_USAGE = YES_ERROR;
				CLANG_WARN_DOCUMENTATION_COMMENTS = YES;
				CLANG_WARN_EMPTY_BODY = YES;
				CLANG_WARN_ENUM_CONVERSION = YES;
				CLANG_WARN_INFINITE_RECURSION = YES;
				CLANG_WARN_INT_CONVERSION = YES;
				CLANG_WARN_NON_LITERAL_NULL_CONVERSION = YES;
				CLANG_WARN_OBJC_IMPLICIT_RETAIN_SELF = YES;
				CLANG_WARN_OBJC_LITERAL_CONVERSION = YES;
				CLANG_WARN_OBJC_ROOT_CLASS = YES_ERROR;
				CLANG_WARN_QUOTED_INCLUDE_IN_FRAMEWORK_HEADER = YES;
				CLANG_WARN_RANGE_LOOP_ANALYSIS = YES;
				CLANG_WARN_STRICT_PROTOTYPES = YES;
				CLANG_WARN_SUSPICIOUS_MOVE = YES;
				CLANG_WARN_UNGUARDED_AVAILABILITY = YES_AGGRESSIVE;
				CLANG_WARN_UNREACHABLE_CODE = YES;
				CLANG_WARN__DUPLICATE_METHOD_MATCH = YES;
				COPY_PHASE_STRIP = NO;
				DEBUG_INFORMATION_FORMAT = "dwarf-with-dsym";
				ENABLE_NS_ASSERTIONS = NO;
				ENABLE_STRICT_OBJC_MSGSEND = YES;
				GCC_C_LANGUAGE_STANDARD = gnu11;
				GCC_NO_COMMON_BLOCKS = YES;
				GCC_WARN_64_TO_32_BIT_CONVERSION = YES;
				GCC_WARN_ABOUT_RETURN_TYPE = YES_ERROR;
				GCC_WARN_UNDECLARED_SELECTOR = YES;
				GCC_WARN_UNINITIALIZED_AUTOS = YES_AGGRESSIVE;
				GCC_WARN_UNUSED_FUNCTION = YES;
				GCC_WARN_UNUSED_VARIABLE = YES;
				IPHONEOS_DEPLOYMENT_TARGET = 15.0;
				MTL_ENABLE_DEBUG_INFO = NO;
				MTL_FAST_MATH = YES;
				SDKROOT = iphoneos;
				SWIFT_COMPILATION_MODE = wholemodule;
				SWIFT_OPTIMIZATION_LEVEL = "-O";
				VALIDATE_PRODUCT = YES;
			};
			name = Release;
		};
		1A39BAF127E698BC00060ABE /* Debug */ = {
			isa = XCBuildConfiguration;
			buildSettings = {
				ASSETCATALOG_COMPILER_APPICON_NAME = AppIcon;
				ASSETCATALOG_COMPILER_GLOBAL_ACCENT_COLOR_NAME = AccentColor;
				CODE_SIGN_ENTITLEMENTS = HKSFX/HKSFX.entitlements;
				CODE_SIGN_STYLE = Automatic;
				CURRENT_PROJECT_VERSION = 1;
				DEVELOPMENT_ASSET_PATHS = "\"HKSFX/Preview Content\"";
				DEVELOPMENT_TEAM = TYVR9GGSKN;
				ENABLE_PREVIEWS = YES;
				GENERATE_INFOPLIST_FILE = YES;
				INFOPLIST_FILE = HKSFX/Info.plist;
				INFOPLIST_KEY_UIApplicationSceneManifest_Generation = YES;
				INFOPLIST_KEY_UIApplicationSupportsIndirectInputEvents = YES;
				INFOPLIST_KEY_UILaunchScreen_Generation = YES;
				INFOPLIST_KEY_UISupportedInterfaceOrientations_iPad = "UIInterfaceOrientationPortrait UIInterfaceOrientationPortraitUpsideDown UIInterfaceOrientationLandscapeLeft UIInterfaceOrientationLandscapeRight";
				INFOPLIST_KEY_UISupportedInterfaceOrientations_iPhone = "UIInterfaceOrientationPortrait UIInterfaceOrientationLandscapeLeft UIInterfaceOrientationLandscapeRight";
				LD_RUNPATH_SEARCH_PATHS = (
					"$(inherited)",
					"@executable_path/Frameworks",
				);
				MARKETING_VERSION = 1.0;
				PRODUCT_BUNDLE_IDENTIFIER = com.sjodle.HKSFX;
				PRODUCT_NAME = "$(TARGET_NAME)";
				SWIFT_EMIT_LOC_STRINGS = YES;
				SWIFT_VERSION = 5.0;
				TARGETED_DEVICE_FAMILY = "1,2";
			};
			name = Debug;
		};
		1A39BAF227E698BC00060ABE /* Release */ = {
			isa = XCBuildConfiguration;
			buildSettings = {
				ASSETCATALOG_COMPILER_APPICON_NAME = AppIcon;
				ASSETCATALOG_COMPILER_GLOBAL_ACCENT_COLOR_NAME = AccentColor;
				CODE_SIGN_ENTITLEMENTS = HKSFX/HKSFX.entitlements;
				CODE_SIGN_STYLE = Automatic;
				CURRENT_PROJECT_VERSION = 1;
				DEVELOPMENT_ASSET_PATHS = "\"HKSFX/Preview Content\"";
				DEVELOPMENT_TEAM = TYVR9GGSKN;
				ENABLE_PREVIEWS = YES;
				GENERATE_INFOPLIST_FILE = YES;
				INFOPLIST_FILE = HKSFX/Info.plist;
				INFOPLIST_KEY_UIApplicationSceneManifest_Generation = YES;
				INFOPLIST_KEY_UIApplicationSupportsIndirectInputEvents = YES;
				INFOPLIST_KEY_UILaunchScreen_Generation = YES;
				INFOPLIST_KEY_UISupportedInterfaceOrientations_iPad = "UIInterfaceOrientationPortrait UIInterfaceOrientationPortraitUpsideDown UIInterfaceOrientationLandscapeLeft UIInterfaceOrientationLandscapeRight";
				INFOPLIST_KEY_UISupportedInterfaceOrientations_iPhone = "UIInterfaceOrientationPortrait UIInterfaceOrientationLandscapeLeft UIInterfaceOrientationLandscapeRight";
				LD_RUNPATH_SEARCH_PATHS = (
					"$(inherited)",
					"@executable_path/Frameworks",
				);
				MARKETING_VERSION = 1.0;
				PRODUCT_BUNDLE_IDENTIFIER = com.sjodle.HKSFX;
				PRODUCT_NAME = "$(TARGET_NAME)";
				SWIFT_EMIT_LOC_STRINGS = YES;
				SWIFT_VERSION = 5.0;
				TARGETED_DEVICE_FAMILY = "1,2";
			};
			name = Release;
		};
		1A39BAF427E698BC00060ABE /* Debug */ = {
			isa = XCBuildConfiguration;
			buildSettings = {
				ALWAYS_EMBED_SWIFT_STANDARD_LIBRARIES = YES;
				BUNDLE_LOADER = "$(TEST_HOST)";
				CODE_SIGN_STYLE = Automatic;
				CURRENT_PROJECT_VERSION = 1;
				DEVELOPMENT_TEAM = TYVR9GGSKN;
				GENERATE_INFOPLIST_FILE = YES;
				IPHONEOS_DEPLOYMENT_TARGET = 15.4;
				MARKETING_VERSION = 1.0;
				PRODUCT_BUNDLE_IDENTIFIER = com.sjodle.HKSFXTests;
				PRODUCT_NAME = "$(TARGET_NAME)";
				SWIFT_EMIT_LOC_STRINGS = NO;
				SWIFT_VERSION = 5.0;
				TARGETED_DEVICE_FAMILY = "1,2";
				TEST_HOST = "$(BUILT_PRODUCTS_DIR)/HKSFX.app/HKSFX";
			};
			name = Debug;
		};
		1A39BAF527E698BC00060ABE /* Release */ = {
			isa = XCBuildConfiguration;
			buildSettings = {
				ALWAYS_EMBED_SWIFT_STANDARD_LIBRARIES = YES;
				BUNDLE_LOADER = "$(TEST_HOST)";
				CODE_SIGN_STYLE = Automatic;
				CURRENT_PROJECT_VERSION = 1;
				DEVELOPMENT_TEAM = TYVR9GGSKN;
				GENERATE_INFOPLIST_FILE = YES;
				IPHONEOS_DEPLOYMENT_TARGET = 15.4;
				MARKETING_VERSION = 1.0;
				PRODUCT_BUNDLE_IDENTIFIER = com.sjodle.HKSFXTests;
				PRODUCT_NAME = "$(TARGET_NAME)";
				SWIFT_EMIT_LOC_STRINGS = NO;
				SWIFT_VERSION = 5.0;
				TARGETED_DEVICE_FAMILY = "1,2";
				TEST_HOST = "$(BUILT_PRODUCTS_DIR)/HKSFX.app/HKSFX";
			};
			name = Release;
		};
		1A39BAF727E698BC00060ABE /* Debug */ = {
			isa = XCBuildConfiguration;
			buildSettings = {
				ALWAYS_EMBED_SWIFT_STANDARD_LIBRARIES = YES;
				CODE_SIGN_STYLE = Automatic;
				CURRENT_PROJECT_VERSION = 1;
				DEVELOPMENT_TEAM = TYVR9GGSKN;
				GENERATE_INFOPLIST_FILE = YES;
				MARKETING_VERSION = 1.0;
				PRODUCT_BUNDLE_IDENTIFIER = com.sjodle.HKSFXUITests;
				PRODUCT_NAME = "$(TARGET_NAME)";
				SWIFT_EMIT_LOC_STRINGS = NO;
				SWIFT_VERSION = 5.0;
				TARGETED_DEVICE_FAMILY = "1,2";
				TEST_TARGET_NAME = HKSFX;
			};
			name = Debug;
		};
		1A39BAF827E698BC00060ABE /* Release */ = {
			isa = XCBuildConfiguration;
			buildSettings = {
				ALWAYS_EMBED_SWIFT_STANDARD_LIBRARIES = YES;
				CODE_SIGN_STYLE = Automatic;
				CURRENT_PROJECT_VERSION = 1;
				DEVELOPMENT_TEAM = TYVR9GGSKN;
				GENERATE_INFOPLIST_FILE = YES;
				MARKETING_VERSION = 1.0;
				PRODUCT_BUNDLE_IDENTIFIER = com.sjodle.HKSFXUITests;
				PRODUCT_NAME = "$(TARGET_NAME)";
				SWIFT_EMIT_LOC_STRINGS = NO;
				SWIFT_VERSION = 5.0;
				TARGETED_DEVICE_FAMILY = "1,2";
				TEST_TARGET_NAME = HKSFX;
			};
			name = Release;
		};
/* End XCBuildConfiguration section */

/* Begin XCConfigurationList section */
		1A39BAC727E698B900060ABE /* Build configuration list for PBXProject "HKSFX" */ = {
			isa = XCConfigurationList;
			buildConfigurations = (
				1A39BAEE27E698BC00060ABE /* Debug */,
				1A39BAEF27E698BC00060ABE /* Release */,
			);
			defaultConfigurationIsVisible = 0;
			defaultConfigurationName = Release;
		};
		1A39BAF027E698BC00060ABE /* Build configuration list for PBXNativeTarget "HKSFX" */ = {
			isa = XCConfigurationList;
			buildConfigurations = (
				1A39BAF127E698BC00060ABE /* Debug */,
				1A39BAF227E698BC00060ABE /* Release */,
			);
			defaultConfigurationIsVisible = 0;
			defaultConfigurationName = Release;
		};
		1A39BAF327E698BC00060ABE /* Build configuration list for PBXNativeTarget "HKSFXTests" */ = {
			isa = XCConfigurationList;
			buildConfigurations = (
				1A39BAF427E698BC00060ABE /* Debug */,
				1A39BAF527E698BC00060ABE /* Release */,
			);
			defaultConfigurationIsVisible = 0;
			defaultConfigurationName = Release;
		};
		1A39BAF627E698BC00060ABE /* Build configuration list for PBXNativeTarget "HKSFXUITests" */ = {
			isa = XCConfigurationList;
			buildConfigurations = (
				1A39BAF727E698BC00060ABE /* Debug */,
				1A39BAF827E698BC00060ABE /* Release */,
			);
			defaultConfigurationIsVisible = 0;
			defaultConfigurationName = Release;
		};
/* End XCConfigurationList section */

/* Begin XCRemoteSwiftPackageReference section */
		1A39BB0127E69C7200060ABE /* XCRemoteSwiftPackageReference "Alamofire" */ = {
			isa = XCRemoteSwiftPackageReference;
			repositoryURL = "https://github.com/Alamofire/Alamofire.git";
			requirement = {
				kind = upToNextMajorVersion;
				minimumVersion = 5.0.0;
			};
		};
		1A39BB0427E6A1A500060ABE /* XCRemoteSwiftPackageReference "keychain-swift" */ = {
			isa = XCRemoteSwiftPackageReference;
			repositoryURL = "https://github.com/evgenyneu/keychain-swift.git";
			requirement = {
				kind = upToNextMajorVersion;
				minimumVersion = 20.0.0;
			};
		};
/* End XCRemoteSwiftPackageReference section */

/* Begin XCSwiftPackageProductDependency section */
		1A39BB0227E69C7200060ABE /* Alamofire */ = {
			isa = XCSwiftPackageProductDependency;
			package = 1A39BB0127E69C7200060ABE /* XCRemoteSwiftPackageReference "Alamofire" */;
			productName = Alamofire;
		};
		1A39BB0527E6A1A500060ABE /* KeychainSwift */ = {
			isa = XCSwiftPackageProductDependency;
			package = 1A39BB0427E6A1A500060ABE /* XCRemoteSwiftPackageReference "keychain-swift" */;
			productName = KeychainSwift;
		};
/* End XCSwiftPackageProductDependency section */
	};
	rootObject = 1A39BAC427E698B900060ABE /* Project object */;
}
